
Microsoft Visual Studio Solution File, Format Version 12.00
# Visual Studio Version 16
VisualStudioVersion = 16.0.29728.190
MinimumVisualStudioVersion = 10.0.40219.1
Project("{FAE04EC0-301F-11D3-BF4B-00C04F79EFBC}") = "WebProjekat", "WebProjekat\WebProjekat.csproj", "{13433870-821E-4529-9DF8-BD2638614B98}"
EndProject
Global
	GlobalSection(SolutionConfigurationPlatforms) = preSolution
		Debug|Any CPU = Debug|Any CPU
		Release|Any CPU = Release|Any CPU
	EndGlobalSection
	GlobalSection(ProjectConfigurationPlatforms) = postSolution
		{13433870-821E-4529-9DF8-BD2638614B98}.Debug|Any CPU.ActiveCfg = Debug|Any CPU
		{13433870-821E-4529-9DF8-BD2638614B98}.Debug|Any CPU.Build.0 = Debug|Any CPU
		{13433870-821E-4529-9DF8-BD2638614B98}.Release|Any CPU.ActiveCfg = Release|Any CPU
		{13433870-821E-4529-9DF8-BD2638614B98}.Release|Any CPU.Build.0 = Release|Any CPU
	EndGlobalSection
	GlobalSection(SolutionProperties) = preSolution
		HideSolutionNode = FALSE
	EndGlobalSection
	GlobalSection(ExtensibilityGlobals) = postSolution
		SolutionGuid = {E36B9C77-AF0A-42A1-9755-9957B1CA89B7}
	EndGlobalSection
EndGlobal
